
Microsoft Visual Studio Solution File, Format Version 11.00
# Visual Studio 2010
Project("{FAE04EC0-301F-11D3-BF4B-00C04F79EFBC}") = "FiatECUScan2", "FiatECUScan2\FiatECUScan2.csproj", "{9D5227FE-EBE1-4289-BD85-4C2D5BE76BFD}"
EndProject
Global
	GlobalSection(SolutionConfigurationPlatforms) = preSolution
		Debug|Any CPU = Debug|Any CPU
		Release|Any CPU = Release|Any CPU
	EndGlobalSection
	GlobalSection(ProjectConfigurationPlatforms) = postSolution
		{9D5227FE-EBE1-4289-BD85-4C2D5BE76BFD}.Debug|Any CPU.ActiveCfg = Debug|Any CPU
		{9D5227FE-EBE1-4289-BD85-4C2D5BE76BFD}.Debug|Any CPU.Build.0 = Debug|Any CPU
		{9D5227FE-EBE1-4289-BD85-4C2D5BE76BFD}.Release|Any CPU.ActiveCfg = Release|Any CPU
		{9D5227FE-EBE1-4289-BD85-4C2D5BE76BFD}.Release|Any CPU.Build.0 = Release|Any CPU
	EndGlobalSection
	GlobalSection(SolutionProperties) = preSolution
		HideSolutionNode = FALSE
	EndGlobalSection
EndGlobal
